
Microsoft Visual Studio Solution File, Format Version 12.00
# Visual Studio 15
VisualStudioVersion = 15.0.28307.757
MinimumVisualStudioVersion = 10.0.40219.1
Project("{FAE04EC0-301F-11D3-BF4B-00C04F79EFBC}") = "Quizzly", "Quizzly\Quizzly.csproj", "{2F760FF0-FA43-47DE-A156-9775798FEA0B}"
EndProject
Project("{FAE04EC0-301F-11D3-BF4B-00C04F79EFBC}") = "AuthDLL", "AuthDLL\AuthDLL.csproj", "{A6EA08AD-43BC-47E8-826A-35EA1F08C43E}"
EndProject
Project("{FAE04EC0-301F-11D3-BF4B-00C04F79EFBC}") = "DBHelperDLL", "DBHelperDLL\DBHelperDLL.csproj", "{B9D08B42-2ECA-4F68-99FC-9367691BD5C3}"
EndProject
Project("{FAE04EC0-301F-11D3-BF4B-00C04F79EFBC}") = "TestDLL", "TestDLL\TestDLL.csproj", "{DD920887-08F2-4BB4-AEE8-7004B213A5B7}"
EndProject
Project("{FAE04EC0-301F-11D3-BF4B-00C04F79EFBC}") = "QandADLL", "QandADLL\QandADLL.csproj", "{D224B94A-03B3-40E4-9825-54210536382E}"
EndProject
Project("{FAE04EC0-301F-11D3-BF4B-00C04F79EFBC}") = "TakeTestDLL", "TakeTestDLL\TakeTestDLL.csproj", "{F796602F-6D6E-4085-8A25-3CCDE6852760}"
EndProject
Project("{FAE04EC0-301F-11D3-BF4B-00C04F79EFBC}") = "ResultAndMemoDLL", "ResultAndMemoDLL\ResultAndMemoDLL.csproj", "{FB79A896-C9B7-4174-A562-F380B389EB50}"
EndProject
Project("{FAE04EC0-301F-11D3-BF4B-00C04F79EFBC}") = "QuizzlySite", "QuizzlySite\QuizzlySite.csproj", "{46E379CB-5A5D-4183-ACFE-C20B3E16F65C}"
EndProject
Global
	GlobalSection(SolutionConfigurationPlatforms) = preSolution
		Debug|Any CPU = Debug|Any CPU
		Release|Any CPU = Release|Any CPU
	EndGlobalSection
	GlobalSection(ProjectConfigurationPlatforms) = postSolution
		{2F760FF0-FA43-47DE-A156-9775798FEA0B}.Debug|Any CPU.ActiveCfg = Debug|Any CPU
		{2F760FF0-FA43-47DE-A156-9775798FEA0B}.Debug|Any CPU.Build.0 = Debug|Any CPU
		{2F760FF0-FA43-47DE-A156-9775798FEA0B}.Release|Any CPU.ActiveCfg = Release|Any CPU
		{2F760FF0-FA43-47DE-A156-9775798FEA0B}.Release|Any CPU.Build.0 = Release|Any CPU
		{A6EA08AD-43BC-47E8-826A-35EA1F08C43E}.Debug|Any CPU.ActiveCfg = Debug|Any CPU
		{A6EA08AD-43BC-47E8-826A-35EA1F08C43E}.Debug|Any CPU.Build.0 = Debug|Any CPU
		{A6EA08AD-43BC-47E8-826A-35EA1F08C43E}.Release|Any CPU.ActiveCfg = Release|Any CPU
		{A6EA08AD-43BC-47E8-826A-35EA1F08C43E}.Release|Any CPU.Build.0 = Release|Any CPU
		{B9D08B42-2ECA-4F68-99FC-9367691BD5C3}.Debug|Any CPU.ActiveCfg = Debug|Any CPU
		{B9D08B42-2ECA-4F68-99FC-9367691BD5C3}.Debug|Any CPU.Build.0 = Debug|Any CPU
		{B9D08B42-2ECA-4F68-99FC-9367691BD5C3}.Release|Any CPU.ActiveCfg = Release|Any CPU
		{B9D08B42-2ECA-4F68-99FC-9367691BD5C3}.Release|Any CPU.Build.0 = Release|Any CPU
		{DD920887-08F2-4BB4-AEE8-7004B213A5B7}.Debug|Any CPU.ActiveCfg = Debug|Any CPU
		{DD920887-08F2-4BB4-AEE8-7004B213A5B7}.Debug|Any CPU.Build.0 = Debug|Any CPU
		{DD920887-08F2-4BB4-AEE8-7004B213A5B7}.Release|Any CPU.ActiveCfg = Release|Any CPU
		{DD920887-08F2-4BB4-AEE8-7004B213A5B7}.Release|Any CPU.Build.0 = Release|Any CPU
		{D224B94A-03B3-40E4-9825-54210536382E}.Debug|Any CPU.ActiveCfg = Debug|Any CPU
		{D224B94A-03B3-40E4-9825-54210536382E}.Debug|Any CPU.Build.0 = Debug|Any CPU
		{D224B94A-03B3-40E4-9825-54210536382E}.Release|Any CPU.ActiveCfg = Release|Any CPU
		{D224B94A-03B3-40E4-9825-54210536382E}.Release|Any CPU.Build.0 = Release|Any CPU
		{F796602F-6D6E-4085-8A25-3CCDE6852760}.Debug|Any CPU.ActiveCfg = Debug|Any CPU
		{F796602F-6D6E-4085-8A25-3CCDE6852760}.Debug|Any CPU.Build.0 = Debug|Any CPU
		{F796602F-6D6E-4085-8A25-3CCDE6852760}.Release|Any CPU.ActiveCfg = Release|Any CPU
		{F796602F-6D6E-4085-8A25-3CCDE6852760}.Release|Any CPU.Build.0 = Release|Any CPU
		{FB79A896-C9B7-4174-A562-F380B389EB50}.Debug|Any CPU.ActiveCfg = Debug|Any CPU
		{FB79A896-C9B7-4174-A562-F380B389EB50}.Debug|Any CPU.Build.0 = Debug|Any CPU
		{FB79A896-C9B7-4174-A562-F380B389EB50}.Release|Any CPU.ActiveCfg = Release|Any CPU
		{FB79A896-C9B7-4174-A562-F380B389EB50}.Release|Any CPU.Build.0 = Release|Any CPU
		{46E379CB-5A5D-4183-ACFE-C20B3E16F65C}.Debug|Any CPU.ActiveCfg = Debug|Any CPU
		{46E379CB-5A5D-4183-ACFE-C20B3E16F65C}.Debug|Any CPU.Build.0 = Debug|Any CPU
		{46E379CB-5A5D-4183-ACFE-C20B3E16F65C}.Release|Any CPU.ActiveCfg = Release|Any CPU
		{46E379CB-5A5D-4183-ACFE-C20B3E16F65C}.Release|Any CPU.Build.0 = Release|Any CPU
	EndGlobalSection
	GlobalSection(SolutionProperties) = preSolution
		HideSolutionNode = FALSE
	EndGlobalSection
	GlobalSection(ExtensibilityGlobals) = postSolution
		SolutionGuid = {9374D452-2924-437B-9D36-60F01239993E}
	EndGlobalSection
EndGlobal
